{
  "name": "scanner",
  "version": "1.0.0",
  "lockfileVersion": 1,
  "requires": true,
  "dependencies": {
    "git-revision-webpack-plugin": {
      "version": "2.5.1",
      "resolved": "https://registry.npmjs.org/git-revision-webpack-plugin/-/git-revision-webpack-plugin-2.5.1.tgz",
      "integrity": "sha1-P7Q5jzds8nZ41t6WuiZptRhkXng=",
      "dev": true
    }
  }
}
